
Microsoft Visual Studio Solution File, Format Version 12.00
# Visual Studio Version 16
VisualStudioVersion = 16.0.30002.166
MinimumVisualStudioVersion = 10.0.40219.1
Project("{FAE04EC0-301F-11D3-BF4B-00C04F79EFBC}") = "Snake", "Snake\Snake.csproj", "{340BF25A-1260-4771-965A-DC3250604514}"
EndProject
Global
	GlobalSection(SolutionConfigurationPlatforms) = preSolution
		Debug|Any CPU = Debug|Any CPU
		Release|Any CPU = Release|Any CPU
	EndGlobalSection
	GlobalSection(ProjectConfigurationPlatforms) = postSolution
		{340BF25A-1260-4771-965A-DC3250604514}.Debug|Any CPU.ActiveCfg = Debug|Any CPU
		{340BF25A-1260-4771-965A-DC3250604514}.Debug|Any CPU.Build.0 = Debug|Any CPU
		{340BF25A-1260-4771-965A-DC3250604514}.Release|Any CPU.ActiveCfg = Release|Any CPU
		{340BF25A-1260-4771-965A-DC3250604514}.Release|Any CPU.Build.0 = Release|Any CPU
	EndGlobalSection
	GlobalSection(SolutionProperties) = preSolution
		HideSolutionNode = FALSE
	EndGlobalSection
	GlobalSection(ExtensibilityGlobals) = postSolution
		SolutionGuid = {E18D42A9-32DF-4A00-BB9D-C356DF5BD2F1}
	EndGlobalSection
EndGlobal
